
Microsoft Visual Studio Solution File, Format Version 12.00
# Visual Studio 15
VisualStudioVersion = 15.0.27428.2043
MinimumVisualStudioVersion = 10.0.40219.1
Project("{FAE04EC0-301F-11D3-BF4B-00C04F79EFBC}") = "BankApp", "BankApp\BankApp.csproj", "{28D62E0F-A298-4FB1-A8FB-51D56B71359C}"
EndProject
Project("{FAE04EC0-301F-11D3-BF4B-00C04F79EFBC}") = "BankAppTests", "BankAppTests\BankAppTests.csproj", "{191827C7-806D-4124-A5C6-31579542710B}"
EndProject
Global
	GlobalSection(SolutionConfigurationPlatforms) = preSolution
		Debug|Any CPU = Debug|Any CPU
		Release|Any CPU = Release|Any CPU
	EndGlobalSection
	GlobalSection(ProjectConfigurationPlatforms) = postSolution
		{28D62E0F-A298-4FB1-A8FB-51D56B71359C}.Debug|Any CPU.ActiveCfg = Debug|Any CPU
		{28D62E0F-A298-4FB1-A8FB-51D56B71359C}.Debug|Any CPU.Build.0 = Debug|Any CPU
		{28D62E0F-A298-4FB1-A8FB-51D56B71359C}.Release|Any CPU.ActiveCfg = Release|Any CPU
		{28D62E0F-A298-4FB1-A8FB-51D56B71359C}.Release|Any CPU.Build.0 = Release|Any CPU
		{191827C7-806D-4124-A5C6-31579542710B}.Debug|Any CPU.ActiveCfg = Debug|Any CPU
		{191827C7-806D-4124-A5C6-31579542710B}.Debug|Any CPU.Build.0 = Debug|Any CPU
		{191827C7-806D-4124-A5C6-31579542710B}.Release|Any CPU.ActiveCfg = Release|Any CPU
		{191827C7-806D-4124-A5C6-31579542710B}.Release|Any CPU.Build.0 = Release|Any CPU
	EndGlobalSection
	GlobalSection(SolutionProperties) = preSolution
		HideSolutionNode = FALSE
	EndGlobalSection
	GlobalSection(ExtensibilityGlobals) = postSolution
		SolutionGuid = {E310B8DA-D9CC-421C-8C56-5D78CE3D203C}
	EndGlobalSection
EndGlobal
